{
  "version": "5",
  "specifiers": {
    "jsr:@goddo/core@*": "0.4.0",
    "jsr:@goddo/core@0.2": "0.2.3",
    "jsr:@goddo/html@*": "0.2.0",
    "jsr:@goddo/llms-txt@*": "0.2.0",
    "jsr:@goddo/openapi@*": "0.2.0"
  },
  "jsr": {
    "@goddo/core@0.2.3": {
      "integrity": "c2a0a681a0b1ff3ef4212ad8c69b8ebdf3e73eeccd5513b993067b9e2b6e7e97"
    },
    "@goddo/core@0.4.0": {
      "integrity": "92be1e7d39513c1776f53ad3569696fb6441b9d4ab46c5f636866f4fb58bf4cc"
    },
    "@goddo/html@0.2.0": {
      "integrity": "fe59a95ed7307634dd012647cda93d76fe9be0bba18c89bcdd92f7ce32b7a4d2"
    },
    "@goddo/llms-txt@0.2.0": {
      "integrity": "ad02a8963d15c2f4ae94476e8bd239362bd4e1b58093046ec093e8d8a8cc809c"
    },
    "@goddo/openapi@0.2.0": {
      "integrity": "a8c6f4e76a8226d85288dcd7d76acc293cafe09475e21f45b5f2620587b61eb0",
      "dependencies": [
        "jsr:@goddo/core@0.2"
      ]
    }
  },
  "workspace": {
    "dependencies": [
      "jsr:@goddo/core@*",
      "jsr:@goddo/html@*",
      "jsr:@goddo/llms-txt@*",
      "jsr:@goddo/openapi@*"
    ]
  }
}
