{
  "version": "5",
  "specifiers": {
    "jsr:@db/sqlite@0.13": "0.13.0",
    "jsr:@denosaurs/plug@1": "1.1.0",
    "jsr:@goddo/core@*": "1.0.0",
    "jsr:@goddo/core@1": "1.0.0",
    "jsr:@goddo/html@*": "1.0.0",
    "jsr:@goddo/llms-txt@*": "1.0.0",
    "jsr:@goddo/openapi@*": "1.0.0",
    "jsr:@std/encoding@1": "1.0.11",
    "jsr:@std/fmt@1": "1.0.10",
    "jsr:@std/fs@1": "1.0.24",
    "jsr:@std/internal@^1.0.14": "1.0.14",
    "jsr:@std/path@1": "1.0.9",
    "jsr:@std/path@1.0": "1.0.9",
    "jsr:@std/path@^1.1.5": "1.1.6"
  },
  "jsr": {
    "@db/sqlite@0.13.0": {
      "integrity": "4545c635e0b3d4ddfdc0f2240f932f24b8ad0178e9c2e3a0f9403e7b18ae2fb5",
      "dependencies": [
        "jsr:@denosaurs/plug",
        "jsr:@std/path@1.0"
      ]
    },
    "@denosaurs/plug@1.1.0": {
      "integrity": "eb2f0b7546c7bca2000d8b0282c54d50d91cf6d75cb26a80df25a6de8c4bc044",
      "dependencies": [
        "jsr:@std/encoding",
        "jsr:@std/fmt",
        "jsr:@std/fs",
        "jsr:@std/path@1"
      ]
    },
    "@goddo/core@1.0.0": {
      "integrity": "356d24cbc23ab06f5478487d5628b981b28ad7431059caac5322e06a67b16180"
    },
    "@goddo/html@1.0.0": {
      "integrity": "803c3f2bc7d27c1f84a9be04eab826297111a3161cbcc774bf16cc6e53dd3a84",
      "dependencies": [
        "jsr:@goddo/core@1"
      ]
    },
    "@goddo/llms-txt@1.0.0": {
      "integrity": "2f73bcc3c846cdfe8b04e3ca5da875f556f7c0f5c20d4fb1e85bb98b315472fc",
      "dependencies": [
        "jsr:@goddo/core@1"
      ]
    },
    "@goddo/openapi@1.0.0": {
      "integrity": "9582a3db10c6f6ff90d5a6fe5205ca194ad26f7e4fcb56e6c9eb557c40db6c5b",
      "dependencies": [
        "jsr:@goddo/core@1"
      ]
    },
    "@std/encoding@1.0.11": {
      "integrity": "e7cef2f0b3153bccc17431e7c864a1de03a4b6d9647389c43e08aaa775d37385"
    },
    "@std/fmt@1.0.10": {
      "integrity": "90dfba288802ac6de82fb31d0917eb9e4450b9925b954d5e51fc29ac07419db5"
    },
    "@std/fs@1.0.24": {
      "integrity": "f3061b45b81673a2bece689da041df32d174be064c89eb6397fb5718d3fb7877",
      "dependencies": [
        "jsr:@std/internal",
        "jsr:@std/path@^1.1.5"
      ]
    },
    "@std/internal@1.0.14": {
      "integrity": "291516b3d4c35024d6ffbc0a9df5bf4c64116e05b50012cf846710152d2ffdf7"
    },
    "@std/path@1.0.9": {
      "integrity": "260a49f11edd3db93dd38350bf9cd1b4d1366afa98e81b86167b4e3dd750129e"
    },
    "@std/path@1.1.6": {
      "integrity": "c68485c2a4dfbb5ae3cc74fae4e8c4e5d874cf8a8ed12927917235c758b46cbe",
      "dependencies": [
        "jsr:@std/internal"
      ]
    }
  },
  "workspace": {
    "dependencies": [
      "jsr:@db/sqlite@0.13",
      "jsr:@goddo/core@*",
      "jsr:@goddo/html@*",
      "jsr:@goddo/llms-txt@*",
      "jsr:@goddo/openapi@*"
    ]
  }
}
