{
  "version": "5",
  "specifiers": {
    "jsr:@goddo/core@*": "1.0.0",
    "jsr:@goddo/core@1": "1.0.0",
    "jsr:@goddo/html@*": "1.0.0",
    "jsr:@goddo/llms-txt@*": "1.0.0",
    "jsr:@goddo/openapi@*": "1.0.0"
  },
  "jsr": {
    "@goddo/core@1.0.0": {
      "integrity": "356d24cbc23ab06f5478487d5628b981b28ad7431059caac5322e06a67b16180"
    },
    "@goddo/html@1.0.0": {
      "integrity": "803c3f2bc7d27c1f84a9be04eab826297111a3161cbcc774bf16cc6e53dd3a84",
      "dependencies": [
        "jsr:@goddo/core@1"
      ]
    },
    "@goddo/llms-txt@1.0.0": {
      "integrity": "2f73bcc3c846cdfe8b04e3ca5da875f556f7c0f5c20d4fb1e85bb98b315472fc",
      "dependencies": [
        "jsr:@goddo/core@1"
      ]
    },
    "@goddo/openapi@1.0.0": {
      "integrity": "9582a3db10c6f6ff90d5a6fe5205ca194ad26f7e4fcb56e6c9eb557c40db6c5b",
      "dependencies": [
        "jsr:@goddo/core@1"
      ]
    }
  },
  "workspace": {
    "dependencies": [
      "jsr:@goddo/core@*",
      "jsr:@goddo/html@*",
      "jsr:@goddo/llms-txt@*",
      "jsr:@goddo/openapi@*"
    ]
  }
}
